# This file is automatically @generated by Cargo.
# It is not intended for manual editing.
version = 3

[[package]]
name = "aoc2022-p01"
version = "0.1.0"

[[package]]
name = "aoc2022-p02"
version = "0.1.0"

[[package]]
name = "aoc2022-p03"
version = "0.1.0"

[[package]]
name = "aoc2022-p04"
version = "0.1.0"

[[package]]
name = "aoc2022-p05"
version = "0.1.0"

[[package]]
name = "aoc2022-p06"
version = "0.1.0"

[[package]]
name = "aoc2022-p07"
version = "0.1.0"
